// !$*UTF8*$!
{
	archiveVersion = 1;
	classes = {
	};
	objectVersion = 56;
	objects = {

/* Begin PBXBuildFile section */
		3255FC1F2B87A68C004FF236 /* LilNavsApp.swift in Sources */ = {isa = PBXBuildFile; fileRef = 3255FC1E2B87A68C004FF236 /* LilNavsApp.swift */; };
		3255FC212B87A68C004FF236 /* Persistence.swift in Sources */ = {isa = PBXBuildFile; fileRef = 3255FC202B87A68C004FF236 /* Persistence.swift */; };
		3255FC242B87A68C004FF236 /* LilNavs.xcdatamodeld in Sources */ = {isa = PBXBuildFile; fileRef = 3255FC222B87A68C004FF236 /* LilNavs.xcdatamodeld */; };
		3255FC262B87A68C004FF236 /* ContentView.swift in Sources */ = {isa = PBXBuildFile; fileRef = 3255FC252B87A68C004FF236 /* ContentView.swift */; };
		3255FC282B87A690004FF236 /* Assets.xcassets in Resources */ = {isa = PBXBuildFile; fileRef = 3255FC272B87A690004FF236 /* Assets.xcassets */; };
		3255FC2C2B87A690004FF236 /* Preview Assets.xcassets in Resources */ = {isa = PBXBuildFile; fileRef = 3255FC2B2B87A690004FF236 /* Preview Assets.xcassets */; };
		3255FC362B87A691004FF236 /* LilNavsTests.swift in Sources */ = {isa = PBXBuildFile; fileRef = 3255FC352B87A691004FF236 /* LilNavsTests.swift */; };
		3255FC402B87A691004FF236 /* LilNavsUITests.swift in Sources */ = {isa = PBXBuildFile; fileRef = 3255FC3F2B87A691004FF236 /* LilNavsUITests.swift */; };
		3255FC422B87A691004FF236 /* LilNavsUITestsLaunchTests.swift in Sources */ = {isa = PBXBuildFile; fileRef = 3255FC412B87A691004FF236 /* LilNavsUITestsLaunchTests.swift */; };
/* End PBXBuildFile section */

/* Begin PBXContainerItemProxy section */
		3255FC322B87A691004FF236 /* PBXContainerItemProxy */ = {
			isa = PBXContainerItemProxy;
			containerPortal = 3255FC132B87A68B004FF236 /* Project object */;
			proxyType = 1;
			remoteGlobalIDString = 3255FC1A2B87A68C004FF236;
			remoteInfo = LilNavs;
		};
		3255FC3C2B87A691004FF236 /* PBXContainerItemProxy */ = {
			isa = PBXContainerItemProxy;
			containerPortal = 3255FC132B87A68B004FF236 /* Project object */;
			proxyType = 1;
			remoteGlobalIDString = 3255FC1A2B87A68C004FF236;
			remoteInfo = LilNavs;
		};
/* End PBXContainerItemProxy section */

/* Begin PBXFileReference section */
		3255FC1B2B87A68C004FF236 /* LilNavs.app */ = {isa = PBXFileReference; explicitFileType = wrapper.application; includeInIndex = 0; path = LilNavs.app; sourceTree = BUILT_PRODUCTS_DIR; };
		3255FC1E2B87A68C004FF236 /* LilNavsApp.swift */ = {isa = PBXFileReference; lastKnownFileType = sourcecode.swift; path = LilNavsApp.swift; sourceTree = "<group>"; };
		3255FC202B87A68C004FF236 /* Persistence.swift */ = {isa = PBXFileReference; lastKnownFileType = sourcecode.swift; path = Persistence.swift; sourceTree = "<group>"; };
		3255FC232B87A68C004FF236 /* LilNavs.xcdatamodel */ = {isa = PBXFileReference; lastKnownFileType = wrapper.xcdatamodel; path = LilNavs.xcdatamodel; sourceTree = "<group>"; };
		3255FC252B87A68C004FF236 /* ContentView.swift */ = {isa = PBXFileReference; lastKnownFileType = sourcecode.swift; path = ContentView.swift; sourceTree = "<group>"; };
		3255FC272B87A690004FF236 /* Assets.xcassets */ = {isa = PBXFileReference; lastKnownFileType = folder.assetcatalog; path = Assets.xcassets; sourceTree = "<group>"; };
		3255FC292B87A690004FF236 /* LilNavs.entitlements */ = {isa = PBXFileReference; lastKnownFileType = text.plist.entitlements; path = LilNavs.entitlements; sourceTree = "<group>"; };
		3255FC2B2B87A690004FF236 /* Preview Assets.xcassets */ = {isa = PBXFileReference; lastKnownFileType = folder.assetcatalog; path = "Preview Assets.xcassets"; sourceTree = "<group>"; };
		3255FC312B87A691004FF236 /* LilNavsTests.xctest */ = {isa = PBXFileReference; explicitFileType = wrapper.cfbundle; includeInIndex = 0; path = LilNavsTests.xctest; sourceTree = BUILT_PRODUCTS_DIR; };
		3255FC352B87A691004FF236 /* LilNavsTests.swift */ = {isa = PBXFileReference; lastKnownFileType = sourcecode.swift; path = LilNavsTests.swift; sourceTree = "<group>"; };
		3255FC3B2B87A691004FF236 /* LilNavsUITests.xctest */ = {isa = PBXFileReference; explicitFileType = wrapper.cfbundle; includeInIndex = 0; path = LilNavsUITests.xctest; sourceTree = BUILT_PRODUCTS_DIR; };
		3255FC3F2B87A691004FF236 /* LilNavsUITests.swift */ = {isa = PBXFileReference; lastKnownFileType = sourcecode.swift; path = LilNavsUITests.swift; sourceTree = "<group>"; };
		3255FC412B87A691004FF236 /* LilNavsUITestsLaunchTests.swift */ = {isa = PBXFileReference; lastKnownFileType = sourcecode.swift; path = LilNavsUITestsLaunchTests.swift; sourceTree = "<group>"; };
/* End PBXFileReference section */

/* Begin PBXFrameworksBuildPhase section */
		3255FC182B87A68C004FF236 /* Frameworks */ = {
			isa = PBXFrameworksBuildPhase;
			buildActionMask = 2147483647;
			files = (
			);
			runOnlyForDeploymentPostprocessing = 0;
		};
		3255FC2E2B87A691004FF236 /* Frameworks */ = {
			isa = PBXFrameworksBuildPhase;
			buildActionMask = 2147483647;
			files = (
			);
			runOnlyForDeploymentPostprocessing = 0;
		};
		3255FC382B87A691004FF236 /* Frameworks */ = {
			isa = PBXFrameworksBuildPhase;
			buildActionMask = 2147483647;
			files = (
			);
			runOnlyForDeploymentPostprocessing = 0;
		};
/* End PBXFrameworksBuildPhase section */

/* Begin PBXGroup section */
		3255FC122B87A68B004FF236 = {
			isa = PBXGroup;
			children = (
				3255FC1D2B87A68C004FF236 /* LilNavs */,
				3255FC342B87A691004FF236 /* LilNavsTests */,
				3255FC3E2B87A691004FF236 /* LilNavsUITests */,
				3255FC1C2B87A68C004FF236 /* Products */,
			);
			sourceTree = "<group>";
		};
		3255FC1C2B87A68C004FF236 /* Products */ = {
			isa = PBXGroup;
			children = (
				3255FC1B2B87A68C004FF236 /* LilNavs.app */,
				3255FC312B87A691004FF236 /* LilNavsTests.xctest */,
				3255FC3B2B87A691004FF236 /* LilNavsUITests.xctest */,
			);
			name = Products;
			sourceTree = "<group>";
		};
		3255FC1D2B87A68C004FF236 /* LilNavs */ = {
			isa = PBXGroup;
			children = (
				3255FC1E2B87A68C004FF236 /* LilNavsApp.swift */,
				3255FC202B87A68C004FF236 /* Persistence.swift */,
				3255FC252B87A68C004FF236 /* ContentView.swift */,
				3255FC272B87A690004FF236 /* Assets.xcassets */,
				3255FC292B87A690004FF236 /* LilNavs.entitlements */,
				3255FC222B87A68C004FF236 /* LilNavs.xcdatamodeld */,
				3255FC2A2B87A690004FF236 /* Preview Content */,
			);
			path = LilNavs;
			sourceTree = "<group>";
		};
		3255FC2A2B87A690004FF236 /* Preview Content */ = {
			isa = PBXGroup;
			children = (
				3255FC2B2B87A690004FF236 /* Preview Assets.xcassets */,
			);
			path = "Preview Content";
			sourceTree = "<group>";
		};
		3255FC342B87A691004FF236 /* LilNavsTests */ = {
			isa = PBXGroup;
			children = (
				3255FC352B87A691004FF236 /* LilNavsTests.swift */,
			);
			path = LilNavsTests;
			sourceTree = "<group>";
		};
		3255FC3E2B87A691004FF236 /* LilNavsUITests */ = {
			isa = PBXGroup;
			children = (
				3255FC3F2B87A691004FF236 /* LilNavsUITests.swift */,
				3255FC412B87A691004FF236 /* LilNavsUITestsLaunchTests.swift */,
			);
			path = LilNavsUITests;
			sourceTree = "<group>";
		};
/* End PBXGroup section */

/* Begin PBXNativeTarget section */
		3255FC1A2B87A68C004FF236 /* LilNavs */ = {
			isa = PBXNativeTarget;
			buildConfigurationList = 3255FC452B87A691004FF236 /* Build configuration list for PBXNativeTarget "LilNavs" */;
			buildPhases = (
				3255FC172B87A68C004FF236 /* Sources */,
				3255FC182B87A68C004FF236 /* Frameworks */,
				3255FC192B87A68C004FF236 /* Resources */,
			);
			buildRules = (
			);
			dependencies = (
			);
			name = LilNavs;
			productName = LilNavs;
			productReference = 3255FC1B2B87A68C004FF236 /* LilNavs.app */;
			productType = "com.apple.product-type.application";
		};
		3255FC302B87A691004FF236 /* LilNavsTests */ = {
			isa = PBXNativeTarget;
			buildConfigurationList = 3255FC482B87A691004FF236 /* Build configuration list for PBXNativeTarget "LilNavsTests" */;
			buildPhases = (
				3255FC2D2B87A691004FF236 /* Sources */,
				3255FC2E2B87A691004FF236 /* Frameworks */,
				3255FC2F2B87A691004FF236 /* Resources */,
			);
			buildRules = (
			);
			dependencies = (
				3255FC332B87A691004FF236 /* PBXTargetDependency */,
			);
			name = LilNavsTests;
			productName = LilNavsTests;
			productReference = 3255FC312B87A691004FF236 /* LilNavsTests.xctest */;
			productType = "com.apple.product-type.bundle.unit-test";
		};
		3255FC3A2B87A691004FF236 /* LilNavsUITests */ = {
			isa = PBXNativeTarget;
			buildConfigurationList = 3255FC4B2B87A691004FF236 /* Build configuration list for PBXNativeTarget "LilNavsUITests" */;
			buildPhases = (
				3255FC372B87A691004FF236 /* Sources */,
				3255FC382B87A691004FF236 /* Frameworks */,
				3255FC392B87A691004FF236 /* Resources */,
			);
			buildRules = (
			);
			dependencies = (
				3255FC3D2B87A691004FF236 /* PBXTargetDependency */,
			);
			name = LilNavsUITests;
			productName = LilNavsUITests;
			productReference = 3255FC3B2B87A691004FF236 /* LilNavsUITests.xctest */;
			productType = "com.apple.product-type.bundle.ui-testing";
		};
/* End PBXNativeTarget section */

/* Begin PBXProject section */
		3255FC132B87A68B004FF236 /* Project object */ = {
			isa = PBXProject;
			attributes = {
				BuildIndependentTargetsInParallel = 1;
				LastSwiftUpdateCheck = 1420;
				LastUpgradeCheck = 1420;
				TargetAttributes = {
					3255FC1A2B87A68C004FF236 = {
						CreatedOnToolsVersion = 14.2;
					};
					3255FC302B87A691004FF236 = {
						CreatedOnToolsVersion = 14.2;
						TestTargetID = 3255FC1A2B87A68C004FF236;
					};
					3255FC3A2B87A691004FF236 = {
						CreatedOnToolsVersion = 14.2;
						TestTargetID = 3255FC1A2B87A68C004FF236;
					};
				};
			};
			buildConfigurationList = 3255FC162B87A68B004FF236 /* Build configuration list for PBXProject "LilNavs" */;
			compatibilityVersion = "Xcode 14.0";
			developmentRegion = en;
			hasScannedForEncodings = 0;
			knownRegions = (
				en,
				Base,
			);
			mainGroup = 3255FC122B87A68B004FF236;
			productRefGroup = 3255FC1C2B87A68C004FF236 /* Products */;
			projectDirPath = "";
			projectRoot = "";
			targets = (
				3255FC1A2B87A68C004FF236 /* LilNavs */,
				3255FC302B87A691004FF236 /* LilNavsTests */,
				3255FC3A2B87A691004FF236 /* LilNavsUITests */,
			);
		};
/* End PBXProject section */

/* Begin PBXResourcesBuildPhase section */
		3255FC192B87A68C004FF236 /* Resources */ = {
			isa = PBXResourcesBuildPhase;
			buildActionMask = 2147483647;
			files = (
				3255FC2C2B87A690004FF236 /* Preview Assets.xcassets in Resources */,
				3255FC282B87A690004FF236 /* Assets.xcassets in Resources */,
			);
			runOnlyForDeploymentPostprocessing = 0;
		};
		3255FC2F2B87A691004FF236 /* Resources */ = {
			isa = PBXResourcesBuildPhase;
			buildActionMask = 2147483647;
			files = (
			);
			runOnlyForDeploymentPostprocessing = 0;
		};
		3255FC392B87A691004FF236 /* Resources */ = {
			isa = PBXResourcesBuildPhase;
			buildActionMask = 2147483647;
			files = (
			);
			runOnlyForDeploymentPostprocessing = 0;
		};
/* End PBXResourcesBuildPhase section */

/* Begin PBXSourcesBuildPhase section */
		3255FC172B87A68C004FF236 /* Sources */ = {
			isa = PBXSourcesBuildPhase;
			buildActionMask = 2147483647;
			files = (
				3255FC1F2B87A68C004FF236 /* LilNavsApp.swift in Sources */,
				3255FC212B87A68C004FF236 /* Persistence.swift in Sources */,
				3255FC262B87A68C004FF236 /* ContentView.swift in Sources */,
				3255FC242B87A68C004FF236 /* LilNavs.xcdatamodeld in Sources */,
			);
			runOnlyForDeploymentPostprocessing = 0;
		};
		3255FC2D2B87A691004FF236 /* Sources */ = {
			isa = PBXSourcesBuildPhase;
			buildActionMask = 2147483647;
			files = (
				3255FC362B87A691004FF236 /* LilNavsTests.swift in Sources */,
			);
			runOnlyForDeploymentPostprocessing = 0;
		};
		3255FC372B87A691004FF236 /* Sources */ = {
			isa = PBXSourcesBuildPhase;
			buildActionMask = 2147483647;
			files = (
				3255FC422B87A691004FF236 /* LilNavsUITestsLaunchTests.swift in Sources */,
				3255FC402B87A691004FF236 /* LilNavsUITests.swift in Sources */,
			);
			runOnlyForDeploymentPostprocessing = 0;
		};
/* End PBXSourcesBuildPhase section */

/* Begin PBXTargetDependency section */
		3255FC332B87A691004FF236 /* PBXTargetDependency */ = {
			isa = PBXTargetDependency;
			target = 3255FC1A2B87A68C004FF236 /* LilNavs */;
			targetProxy = 3255FC322B87A691004FF236 /* PBXContainerItemProxy */;
		};
		3255FC3D2B87A691004FF236 /* PBXTargetDependency */ = {
			isa = PBXTargetDependency;
			target = 3255FC1A2B87A68C004FF236 /* LilNavs */;
			targetProxy = 3255FC3C2B87A691004FF236 /* PBXContainerItemProxy */;
		};
/* End PBXTargetDependency section */

/* Begin XCBuildConfiguration section */
		3255FC432B87A691004FF236 /* Debug */ = {
			isa = XCBuildConfiguration;
			buildSettings = {
				ALWAYS_SEARCH_USER_PATHS = NO;
				CLANG_ANALYZER_NONNULL = YES;
				CLANG_ANALYZER_NUMBER_OBJECT_CONVERSION = YES_AGGRESSIVE;
				CLANG_CXX_LANGUAGE_STANDARD = "gnu++20";
				CLANG_ENABLE_MODULES = YES;
				CLANG_ENABLE_OBJC_ARC = YES;
				CLANG_ENABLE_OBJC_WEAK = YES;
				CLANG_WARN_BLOCK_CAPTURE_AUTORELEASING = YES;
				CLANG_WARN_BOOL_CONVERSION = YES;
				CLANG_WARN_COMMA = YES;
				CLANG_WARN_CONSTANT_CONVERSION = YES;
				CLANG_WARN_DEPRECATED_OBJC_IMPLEMENTATIONS = YES;
				CLANG_WARN_DIRECT_OBJC_ISA_USAGE = YES_ERROR;
				CLANG_WARN_DOCUMENTATION_COMMENTS = YES;
				CLANG_WARN_EMPTY_BODY = YES;
				CLANG_WARN_ENUM_CONVERSION = YES;
				CLANG_WARN_INFINITE_RECURSION = YES;
				CLANG_WARN_INT_CONVERSION = YES;
				CLANG_WARN_NON_LITERAL_NULL_CONVERSION = YES;
				CLANG_WARN_OBJC_IMPLICIT_RETAIN_SELF = YES;
				CLANG_WARN_OBJC_LITERAL_CONVERSION = YES;
				CLANG_WARN_OBJC_ROOT_CLASS = YES_ERROR;
				CLANG_WARN_QUOTED_INCLUDE_IN_FRAMEWORK_HEADER = YES;
				CLANG_WARN_RANGE_LOOP_ANALYSIS = YES;
				CLANG_WARN_STRICT_PROTOTYPES = YES;
				CLANG_WARN_SUSPICIOUS_MOVE = YES;
				CLANG_WARN_UNGUARDED_AVAILABILITY = YES_AGGRESSIVE;
				CLANG_WARN_UNREACHABLE_CODE = YES;
				CLANG_WARN__DUPLICATE_METHOD_MATCH = YES;
				COPY_PHASE_STRIP = NO;
				DEBUG_INFORMATION_FORMAT = dwarf;
				ENABLE_STRICT_OBJC_MSGSEND = YES;
				ENABLE_TESTABILITY = YES;
				GCC_C_LANGUAGE_STANDARD = gnu11;
				GCC_DYNAMIC_NO_PIC = NO;
				GCC_NO_COMMON_BLOCKS = YES;
				GCC_OPTIMIZATION_LEVEL = 0;
				GCC_PREPROCESSOR_DEFINITIONS = (
					"DEBUG=1",
					"$(inherited)",
				);
				GCC_WARN_64_TO_32_BIT_CONVERSION = YES;
				GCC_WARN_ABOUT_RETURN_TYPE = YES_ERROR;
				GCC_WARN_UNDECLARED_SELECTOR = YES;
				GCC_WARN_UNINITIALIZED_AUTOS = YES_AGGRESSIVE;
				GCC_WARN_UNUSED_FUNCTION = YES;
				GCC_WARN_UNUSED_VARIABLE = YES;
				MTL_ENABLE_DEBUG_INFO = INCLUDE_SOURCE;
				MTL_FAST_MATH = YES;
				ONLY_ACTIVE_ARCH = YES;
				SWIFT_ACTIVE_COMPILATION_CONDITIONS = DEBUG;
				SWIFT_OPTIMIZATION_LEVEL = "-Onone";
			};
			name = Debug;
		};
		3255FC442B87A691004FF236 /* Release */ = {
			isa = XCBuildConfiguration;
			buildSettings = {
				ALWAYS_SEARCH_USER_PATHS = NO;
				CLANG_ANALYZER_NONNULL = YES;
				CLANG_ANALYZER_NUMBER_OBJECT_CONVERSION = YES_AGGRESSIVE;
				CLANG_CXX_LANGUAGE_STANDARD = "gnu++20";
				CLANG_ENABLE_MODULES = YES;
				CLANG_ENABLE_OBJC_ARC = YES;
				CLANG_ENABLE_OBJC_WEAK = YES;
				CLANG_WARN_BLOCK_CAPTURE_AUTORELEASING = YES;
				CLANG_WARN_BOOL_CONVERSION = YES;
				CLANG_WARN_COMMA = YES;
				CLANG_WARN_CONSTANT_CONVERSION = YES;
				CLANG_WARN_DEPRECATED_OBJC_IMPLEMENTATIONS = YES;
				CLANG_WARN_DIRECT_OBJC_ISA_USAGE = YES_ERROR;
				CLANG_WARN_DOCUMENTATION_COMMENTS = YES;
				CLANG_WARN_EMPTY_BODY = YES;
				CLANG_WARN_ENUM_CONVERSION = YES;
				CLANG_WARN_INFINITE_RECURSION = YES;
				CLANG_WARN_INT_CONVERSION = YES;
				CLANG_WARN_NON_LITERAL_NULL_CONVERSION = YES;
				CLANG_WARN_OBJC_IMPLICIT_RETAIN_SELF = YES;
				CLANG_WARN_OBJC_LITERAL_CONVERSION = YES;
				CLANG_WARN_OBJC_ROOT_CLASS = YES_ERROR;
				CLANG_WARN_QUOTED_INCLUDE_IN_FRAMEWORK_HEADER = YES;
				CLANG_WARN_RANGE_LOOP_ANALYSIS = YES;
				CLANG_WARN_STRICT_PROTOTYPES = YES;
				CLANG_WARN_SUSPICIOUS_MOVE = YES;
				CLANG_WARN_UNGUARDED_AVAILABILITY = YES_AGGRESSIVE;
				CLANG_WARN_UNREACHABLE_CODE = YES;
				CLANG_WARN__DUPLICATE_METHOD_MATCH = YES;
				COPY_PHASE_STRIP = NO;
				DEBUG_INFORMATION_FORMAT = "dwarf-with-dsym";
				ENABLE_NS_ASSERTIONS = NO;
				ENABLE_STRICT_OBJC_MSGSEND = YES;
				GCC_C_LANGUAGE_STANDARD = gnu11;
				GCC_NO_COMMON_BLOCKS = YES;
				GCC_WARN_64_TO_32_BIT_CONVERSION = YES;
				GCC_WARN_ABOUT_RETURN_TYPE = YES_ERROR;
				GCC_WARN_UNDECLARED_SELECTOR = YES;
				GCC_WARN_UNINITIALIZED_AUTOS = YES_AGGRESSIVE;
				GCC_WARN_UNUSED_FUNCTION = YES;
				GCC_WARN_UNUSED_VARIABLE = YES;
				MTL_ENABLE_DEBUG_INFO = NO;
				MTL_FAST_MATH = YES;
				SWIFT_COMPILATION_MODE = wholemodule;
				SWIFT_OPTIMIZATION_LEVEL = "-O";
			};
			name = Release;
		};
		3255FC462B87A691004FF236 /* Debug */ = {
			isa = XCBuildConfiguration;
			buildSettings = {
				ASSETCATALOG_COMPILER_APPICON_NAME = AppIcon;
				ASSETCATALOG_COMPILER_GLOBAL_ACCENT_COLOR_NAME = AccentColor;
				CODE_SIGN_ENTITLEMENTS = LilNavs/LilNavs.entitlements;
				CODE_SIGN_STYLE = Automatic;
				CURRENT_PROJECT_VERSION = 1;
				DEVELOPMENT_ASSET_PATHS = "\"LilNavs/Preview Content\"";
				DEVELOPMENT_TEAM = H3V2LZ4MW4;
				ENABLE_HARDENED_RUNTIME = YES;
				ENABLE_PREVIEWS = YES;
				GENERATE_INFOPLIST_FILE = YES;
				"INFOPLIST_KEY_UIApplicationSceneManifest_Generation[sdk=iphoneos*]" = YES;
				"INFOPLIST_KEY_UIApplicationSceneManifest_Generation[sdk=iphonesimulator*]" = YES;
				"INFOPLIST_KEY_UIApplicationSupportsIndirectInputEvents[sdk=iphoneos*]" = YES;
				"INFOPLIST_KEY_UIApplicationSupportsIndirectInputEvents[sdk=iphonesimulator*]" = YES;
				"INFOPLIST_KEY_UILaunchScreen_Generation[sdk=iphoneos*]" = YES;
				"INFOPLIST_KEY_UILaunchScreen_Generation[sdk=iphonesimulator*]" = YES;
				"INFOPLIST_KEY_UIStatusBarStyle[sdk=iphoneos*]" = UIStatusBarStyleDefault;
				"INFOPLIST_KEY_UIStatusBarStyle[sdk=iphonesimulator*]" = UIStatusBarStyleDefault;
				INFOPLIST_KEY_UISupportedInterfaceOrientations_iPad = "UIInterfaceOrientationPortrait UIInterfaceOrientationPortraitUpsideDown UIInterfaceOrientationLandscapeLeft UIInterfaceOrientationLandscapeRight";
				INFOPLIST_KEY_UISupportedInterfaceOrientations_iPhone = "UIInterfaceOrientationPortrait UIInterfaceOrientationLandscapeLeft UIInterfaceOrientationLandscapeRight";
				IPHONEOS_DEPLOYMENT_TARGET = 15.0;
				LD_RUNPATH_SEARCH_PATHS = "@executable_path/Frameworks";
				"LD_RUNPATH_SEARCH_PATHS[sdk=macosx*]" = "@executable_path/../Frameworks";
				MACOSX_DEPLOYMENT_TARGET = 12.7;
				MARKETING_VERSION = 1.0;
				PRODUCT_BUNDLE_IDENTIFIER = liellison.LilNavs;
				PRODUCT_NAME = "$(TARGET_NAME)";
				SDKROOT = auto;
				SUPPORTED_PLATFORMS = "iphoneos iphonesimulator macosx";
				SWIFT_EMIT_LOC_STRINGS = YES;
				SWIFT_VERSION = 5.0;
				TARGETED_DEVICE_FAMILY = "1,2";
			};
			name = Debug;
		};
		3255FC472B87A691004FF236 /* Release */ = {
			isa = XCBuildConfiguration;
			buildSettings = {
				ASSETCATALOG_COMPILER_APPICON_NAME = AppIcon;
				ASSETCATALOG_COMPILER_GLOBAL_ACCENT_COLOR_NAME = AccentColor;
				CODE_SIGN_ENTITLEMENTS = LilNavs/LilNavs.entitlements;
				CODE_SIGN_STYLE = Automatic;
				CURRENT_PROJECT_VERSION = 1;
				DEVELOPMENT_ASSET_PATHS = "\"LilNavs/Preview Content\"";
				DEVELOPMENT_TEAM = H3V2LZ4MW4;
				ENABLE_HARDENED_RUNTIME = YES;
				ENABLE_PREVIEWS = YES;
				GENERATE_INFOPLIST_FILE = YES;
				"INFOPLIST_KEY_UIApplicationSceneManifest_Generation[sdk=iphoneos*]" = YES;
				"INFOPLIST_KEY_UIApplicationSceneManifest_Generation[sdk=iphonesimulator*]" = YES;
				"INFOPLIST_KEY_UIApplicationSupportsIndirectInputEvents[sdk=iphoneos*]" = YES;
				"INFOPLIST_KEY_UIApplicationSupportsIndirectInputEvents[sdk=iphonesimulator*]" = YES;
				"INFOPLIST_KEY_UILaunchScreen_Generation[sdk=iphoneos*]" = YES;
				"INFOPLIST_KEY_UILaunchScreen_Generation[sdk=iphonesimulator*]" = YES;
				"INFOPLIST_KEY_UIStatusBarStyle[sdk=iphoneos*]" = UIStatusBarStyleDefault;
				"INFOPLIST_KEY_UIStatusBarStyle[sdk=iphonesimulator*]" = UIStatusBarStyleDefault;
				INFOPLIST_KEY_UISupportedInterfaceOrientations_iPad = "UIInterfaceOrientationPortrait UIInterfaceOrientationPortraitUpsideDown UIInterfaceOrientationLandscapeLeft UIInterfaceOrientationLandscapeRight";
				INFOPLIST_KEY_UISupportedInterfaceOrientations_iPhone = "UIInterfaceOrientationPortrait UIInterfaceOrientationLandscapeLeft UIInterfaceOrientationLandscapeRight";
				IPHONEOS_DEPLOYMENT_TARGET = 15.0;
				LD_RUNPATH_SEARCH_PATHS = "@executable_path/Frameworks";
				"LD_RUNPATH_SEARCH_PATHS[sdk=macosx*]" = "@executable_path/../Frameworks";
				MACOSX_DEPLOYMENT_TARGET = 12.7;
				MARKETING_VERSION = 1.0;
				PRODUCT_BUNDLE_IDENTIFIER = liellison.LilNavs;
				PRODUCT_NAME = "$(TARGET_NAME)";
				SDKROOT = auto;
				SUPPORTED_PLATFORMS = "iphoneos iphonesimulator macosx";
				SWIFT_EMIT_LOC_STRINGS = YES;
				SWIFT_VERSION = 5.0;
				TARGETED_DEVICE_FAMILY = "1,2";
			};
			name = Release;
		};
		3255FC492B87A691004FF236 /* Debug */ = {
			isa = XCBuildConfiguration;
			buildSettings = {
				ALWAYS_EMBED_SWIFT_STANDARD_LIBRARIES = YES;
				BUNDLE_LOADER = "$(TEST_HOST)";
				CODE_SIGN_STYLE = Automatic;
				CURRENT_PROJECT_VERSION = 1;
				DEVELOPMENT_TEAM = H3V2LZ4MW4;
				GENERATE_INFOPLIST_FILE = YES;
				IPHONEOS_DEPLOYMENT_TARGET = 16.2;
				MACOSX_DEPLOYMENT_TARGET = 12.7;
				MARKETING_VERSION = 1.0;
				PRODUCT_BUNDLE_IDENTIFIER = liellison.LilNavsTests;
				PRODUCT_NAME = "$(TARGET_NAME)";
				SDKROOT = auto;
				SUPPORTED_PLATFORMS = "iphoneos iphonesimulator macosx";
				SWIFT_EMIT_LOC_STRINGS = NO;
				SWIFT_VERSION = 5.0;
				TARGETED_DEVICE_FAMILY = "1,2";
				TEST_HOST = "$(BUILT_PRODUCTS_DIR)/LilNavs.app/$(BUNDLE_EXECUTABLE_FOLDER_PATH)/LilNavs";
			};
			name = Debug;
		};
		3255FC4A2B87A691004FF236 /* Release */ = {
			isa = XCBuildConfiguration;
			buildSettings = {
				ALWAYS_EMBED_SWIFT_STANDARD_LIBRARIES = YES;
				BUNDLE_LOADER = "$(TEST_HOST)";
				CODE_SIGN_STYLE = Automatic;
				CURRENT_PROJECT_VERSION = 1;
				DEVELOPMENT_TEAM = H3V2LZ4MW4;
				GENERATE_INFOPLIST_FILE = YES;
				IPHONEOS_DEPLOYMENT_TARGET = 16.2;
				MACOSX_DEPLOYMENT_TARGET = 12.7;
				MARKETING_VERSION = 1.0;
				PRODUCT_BUNDLE_IDENTIFIER = liellison.LilNavsTests;
				PRODUCT_NAME = "$(TARGET_NAME)";
				SDKROOT = auto;
				SUPPORTED_PLATFORMS = "iphoneos iphonesimulator macosx";
				SWIFT_EMIT_LOC_STRINGS = NO;
				SWIFT_VERSION = 5.0;
				TARGETED_DEVICE_FAMILY = "1,2";
				TEST_HOST = "$(BUILT_PRODUCTS_DIR)/LilNavs.app/$(BUNDLE_EXECUTABLE_FOLDER_PATH)/LilNavs";
			};
			name = Release;
		};
		3255FC4C2B87A691004FF236 /* Debug */ = {
			isa = XCBuildConfiguration;
			buildSettings = {
				ALWAYS_EMBED_SWIFT_STANDARD_LIBRARIES = YES;
				CODE_SIGN_STYLE = Automatic;
				CURRENT_PROJECT_VERSION = 1;
				DEVELOPMENT_TEAM = H3V2LZ4MW4;
				GENERATE_INFOPLIST_FILE = YES;
				IPHONEOS_DEPLOYMENT_TARGET = 16.2;
				MACOSX_DEPLOYMENT_TARGET = 12.7;
				MARKETING_VERSION = 1.0;
				PRODUCT_BUNDLE_IDENTIFIER = liellison.LilNavsUITests;
				PRODUCT_NAME = "$(TARGET_NAME)";
				SDKROOT = auto;
				SUPPORTED_PLATFORMS = "iphoneos iphonesimulator macosx";
				SWIFT_EMIT_LOC_STRINGS = NO;
				SWIFT_VERSION = 5.0;
				TARGETED_DEVICE_FAMILY = "1,2";
				TEST_TARGET_NAME = LilNavs;
			};
			name = Debug;
		};
		3255FC4D2B87A691004FF236 /* Release */ = {
			isa = XCBuildConfiguration;
			buildSettings = {
				ALWAYS_EMBED_SWIFT_STANDARD_LIBRARIES = YES;
				CODE_SIGN_STYLE = Automatic;
				CURRENT_PROJECT_VERSION = 1;
				DEVELOPMENT_TEAM = H3V2LZ4MW4;
				GENERATE_INFOPLIST_FILE = YES;
				IPHONEOS_DEPLOYMENT_TARGET = 16.2;
				MACOSX_DEPLOYMENT_TARGET = 12.7;
				MARKETING_VERSION = 1.0;
				PRODUCT_BUNDLE_IDENTIFIER = liellison.LilNavsUITests;
				PRODUCT_NAME = "$(TARGET_NAME)";
				SDKROOT = auto;
				SUPPORTED_PLATFORMS = "iphoneos iphonesimulator macosx";
				SWIFT_EMIT_LOC_STRINGS = NO;
				SWIFT_VERSION = 5.0;
				TARGETED_DEVICE_FAMILY = "1,2";
				TEST_TARGET_NAME = LilNavs;
			};
			name = Release;
		};
/* End XCBuildConfiguration section */

/* Begin XCConfigurationList section */
		3255FC162B87A68B004FF236 /* Build configuration list for PBXProject "LilNavs" */ = {
			isa = XCConfigurationList;
			buildConfigurations = (
				3255FC432B87A691004FF236 /* Debug */,
				3255FC442B87A691004FF236 /* Release */,
			);
			defaultConfigurationIsVisible = 0;
			defaultConfigurationName = Release;
		};
		3255FC452B87A691004FF236 /* Build configuration list for PBXNativeTarget "LilNavs" */ = {
			isa = XCConfigurationList;
			buildConfigurations = (
				3255FC462B87A691004FF236 /* Debug */,
				3255FC472B87A691004FF236 /* Release */,
			);
			defaultConfigurationIsVisible = 0;
			defaultConfigurationName = Release;
		};
		3255FC482B87A691004FF236 /* Build configuration list for PBXNativeTarget "LilNavsTests" */ = {
			isa = XCConfigurationList;
			buildConfigurations = (
				3255FC492B87A691004FF236 /* Debug */,
				3255FC4A2B87A691004FF236 /* Release */,
			);
			defaultConfigurationIsVisible = 0;
			defaultConfigurationName = Release;
		};
		3255FC4B2B87A691004FF236 /* Build configuration list for PBXNativeTarget "LilNavsUITests" */ = {
			isa = XCConfigurationList;
			buildConfigurations = (
				3255FC4C2B87A691004FF236 /* Debug */,
				3255FC4D2B87A691004FF236 /* Release */,
			);
			defaultConfigurationIsVisible = 0;
			defaultConfigurationName = Release;
		};
/* End XCConfigurationList section */

/* Begin XCVersionGroup section */
		3255FC222B87A68C004FF236 /* LilNavs.xcdatamodeld */ = {
			isa = XCVersionGroup;
			children = (
				3255FC232B87A68C004FF236 /* LilNavs.xcdatamodel */,
			);
			currentVersion = 3255FC232B87A68C004FF236 /* LilNavs.xcdatamodel */;
			path = LilNavs.xcdatamodeld;
			sourceTree = "<group>";
			versionGroupType = wrapper.xcdatamodel;
		};
/* End XCVersionGroup section */
	};
	rootObject = 3255FC132B87A68B004FF236 /* Project object */;
}
